
Microsoft Visual Studio Solution File, Format Version 12.00
# Visual Studio Version 16
VisualStudioVersion = 16.0.30804.86
MinimumVisualStudioVersion = 10.0.40219.1
Project("{FAE04EC0-301F-11D3-BF4B-00C04F79EFBC}") = "PerfectUnitTests", "PerfectUnitTests\PerfectUnitTests.csproj", "{4C34E7E5-037A-4DF6-92EE-0252D33A1C51}"
EndProject
Project("{FAE04EC0-301F-11D3-BF4B-00C04F79EFBC}") = "OrderServices", "OrderServices\OrderServices.csproj", "{77A22639-58A3-4224-BACA-4DDED5CC9410}"
EndProject
Global
	GlobalSection(SolutionConfigurationPlatforms) = preSolution
		Debug|Any CPU = Debug|Any CPU
		Release|Any CPU = Release|Any CPU
	EndGlobalSection
	GlobalSection(ProjectConfigurationPlatforms) = postSolution
		{4C34E7E5-037A-4DF6-92EE-0252D33A1C51}.Debug|Any CPU.ActiveCfg = Debug|Any CPU
		{4C34E7E5-037A-4DF6-92EE-0252D33A1C51}.Debug|Any CPU.Build.0 = Debug|Any CPU
		{4C34E7E5-037A-4DF6-92EE-0252D33A1C51}.Release|Any CPU.ActiveCfg = Release|Any CPU
		{4C34E7E5-037A-4DF6-92EE-0252D33A1C51}.Release|Any CPU.Build.0 = Release|Any CPU
		{77A22639-58A3-4224-BACA-4DDED5CC9410}.Debug|Any CPU.ActiveCfg = Debug|Any CPU
		{77A22639-58A3-4224-BACA-4DDED5CC9410}.Debug|Any CPU.Build.0 = Debug|Any CPU
		{77A22639-58A3-4224-BACA-4DDED5CC9410}.Release|Any CPU.ActiveCfg = Release|Any CPU
		{77A22639-58A3-4224-BACA-4DDED5CC9410}.Release|Any CPU.Build.0 = Release|Any CPU
	EndGlobalSection
	GlobalSection(SolutionProperties) = preSolution
		HideSolutionNode = FALSE
	EndGlobalSection
	GlobalSection(ExtensibilityGlobals) = postSolution
		SolutionGuid = {B222C0EA-177B-4E7D-A2A8-23FF6025AF8A}
	EndGlobalSection
EndGlobal
